
Microsoft Visual Studio Solution File, Format Version 12.00
# Visual Studio Version 17
VisualStudioVersion = 17.9.34714.143
MinimumVisualStudioVersion = 10.0.40219.1
Project("{9A19103F-16F7-4668-BE54-9A1E7A4F7556}") = "Abc.Xacml.Geo", "src\Abc.Xacml.Geo\Abc.Xacml.Geo.csproj", "{DC486D2C-3D81-4707-9A82-B53D01A2AA05}"
EndProject
Project("{9A19103F-16F7-4668-BE54-9A1E7A4F7556}") = "Abc.Xacml.UnitTests", "test\Abc.Xacml.UnitTests\Abc.Xacml.UnitTests.csproj", "{3CB08246-27A1-41AD-8116-645AF900766A}"
EndProject
Project("{9A19103F-16F7-4668-BE54-9A1E7A4F7556}") = "Abc.Xacml.Geo.UnitTests", "test\Abc.Xacml.Geo.UnitTests\Abc.Xacml.Geo.UnitTests.csproj", "{076F25DD-A816-4829-B46C-4D9BBB2A0095}"
EndProject
Project("{9A19103F-16F7-4668-BE54-9A1E7A4F7556}") = "Abc.Xacml", "src\Abc.Xacml\Abc.Xacml.csproj", "{526BBF96-0629-4319-B5EF-B53A62564368}"
EndProject
Project("{2150E333-8FDC-42A3-9474-1A3956D46DE8}") = "Solution Items", "Solution Items", "{6D98CD26-47FB-47ED-A1B2-BD550F4566E3}"
	ProjectSection(SolutionItems) = preProject
		azure-pipelines.yml = azure-pipelines.yml
		.github\workflows\dotnet.yml = .github\workflows\dotnet.yml
		README.md = README.md
	EndProjectSection
EndProject
Project("{2150E333-8FDC-42A3-9474-1A3956D46DE8}") = "src", "src", "{B0D9E1D4-E9B6-45D9-88C5-5DF01A564AD8}"
EndProject
Project("{2150E333-8FDC-42A3-9474-1A3956D46DE8}") = "test", "test", "{D36EEA8F-B188-4564-92C7-7643B8B2DE28}"
EndProject
Project("{2150E333-8FDC-42A3-9474-1A3956D46DE8}") = "GitHub", "GitHub", "{CCE5F0D6-1E7F-4347-AE15-4A8993D56E1C}"
	ProjectSection(SolutionItems) = preProject
		.github\workflows\dotnet.yml = .github\workflows\dotnet.yml
	EndProjectSection
EndProject
Global
	GlobalSection(SolutionConfigurationPlatforms) = preSolution
		Debug|Any CPU = Debug|Any CPU
		Release|Any CPU = Release|Any CPU
	EndGlobalSection
	GlobalSection(ProjectConfigurationPlatforms) = postSolution
		{DC486D2C-3D81-4707-9A82-B53D01A2AA05}.Debug|Any CPU.ActiveCfg = Debug|Any CPU
		{DC486D2C-3D81-4707-9A82-B53D01A2AA05}.Debug|Any CPU.Build.0 = Debug|Any CPU
		{DC486D2C-3D81-4707-9A82-B53D01A2AA05}.Release|Any CPU.ActiveCfg = Release|Any CPU
		{DC486D2C-3D81-4707-9A82-B53D01A2AA05}.Release|Any CPU.Build.0 = Release|Any CPU
		{3CB08246-27A1-41AD-8116-645AF900766A}.Debug|Any CPU.ActiveCfg = Debug|Any CPU
		{3CB08246-27A1-41AD-8116-645AF900766A}.Debug|Any CPU.Build.0 = Debug|Any CPU
		{3CB08246-27A1-41AD-8116-645AF900766A}.Release|Any CPU.ActiveCfg = Release|Any CPU
		{3CB08246-27A1-41AD-8116-645AF900766A}.Release|Any CPU.Build.0 = Release|Any CPU
		{076F25DD-A816-4829-B46C-4D9BBB2A0095}.Debug|Any CPU.ActiveCfg = Debug|Any CPU
		{076F25DD-A816-4829-B46C-4D9BBB2A0095}.Debug|Any CPU.Build.0 = Debug|Any CPU
		{076F25DD-A816-4829-B46C-4D9BBB2A0095}.Release|Any CPU.ActiveCfg = Release|Any CPU
		{076F25DD-A816-4829-B46C-4D9BBB2A0095}.Release|Any CPU.Build.0 = Release|Any CPU
		{526BBF96-0629-4319-B5EF-B53A62564368}.Debug|Any CPU.ActiveCfg = Debug|Any CPU
		{526BBF96-0629-4319-B5EF-B53A62564368}.Debug|Any CPU.Build.0 = Debug|Any CPU
		{526BBF96-0629-4319-B5EF-B53A62564368}.Release|Any CPU.ActiveCfg = Release|Any CPU
		{526BBF96-0629-4319-B5EF-B53A62564368}.Release|Any CPU.Build.0 = Release|Any CPU
	EndGlobalSection
	GlobalSection(SolutionProperties) = preSolution
		HideSolutionNode = FALSE
	EndGlobalSection
	GlobalSection(NestedProjects) = preSolution
		{DC486D2C-3D81-4707-9A82-B53D01A2AA05} = {B0D9E1D4-E9B6-45D9-88C5-5DF01A564AD8}
		{3CB08246-27A1-41AD-8116-645AF900766A} = {D36EEA8F-B188-4564-92C7-7643B8B2DE28}
		{076F25DD-A816-4829-B46C-4D9BBB2A0095} = {D36EEA8F-B188-4564-92C7-7643B8B2DE28}
		{526BBF96-0629-4319-B5EF-B53A62564368} = {B0D9E1D4-E9B6-45D9-88C5-5DF01A564AD8}
	EndGlobalSection
	GlobalSection(ExtensibilityGlobals) = postSolution
		SolutionGuid = {5BDA7135-D0FF-42C7-9A31-EF3D7E6A3246}
	EndGlobalSection
EndGlobal
